
Microsoft Visual Studio Solution File, Format Version 12.00
# Visual Studio Version 17
VisualStudioVersion = 17.14.37012.4
MinimumVisualStudioVersion = 10.0.40219.1
Project("{FAE04EC0-301F-11D3-BF4B-00C04F79EFBC}") = "LogiMatch.Api", "LogiMatch.Api\LogiMatch.Api.csproj", "{D7D41CE0-0495-4D2B-8972-1C130CD2A5AC}"
EndProject
Project("{FAE04EC0-301F-11D3-BF4B-00C04F79EFBC}") = "LogiMatch.Application", "LogiMatch.Application\LogiMatch.Application.csproj", "{7004742F-8109-4E72-AE5B-3CB4D9FB6399}"
EndProject
Project("{FAE04EC0-301F-11D3-BF4B-00C04F79EFBC}") = "LogiMatch.Domain", "LogiMatch.Domain\LogiMatch.Domain.csproj", "{DBC8C593-FEE9-4B7C-8656-176C784B4C09}"
EndProject
Project("{FAE04EC0-301F-11D3-BF4B-00C04F79EFBC}") = "LogiMatch.Infrastructure", "LogiMatch.Infrastructure\LogiMatch.Infrastructure.csproj", "{53C45808-7996-408F-BA3D-6ED75D3F25E5}"
EndProject
Project("{2150E333-8FDC-42A3-9474-1A3956D46DE8}") = "src", "src", "{02EA681E-C7D8-13C7-8484-4AC65E1B71E8}"
EndProject
Project("{2150E333-8FDC-42A3-9474-1A3956D46DE8}") = "tests", "tests", "{F283A40F-BAA2-4742-A2F8-0F2061A0C3A6}"
	ProjectSection(SolutionItems) = preProject
		global.json = global.json
	EndProjectSection
EndProject
Project("{FAE04EC0-301F-11D3-BF4B-00C04F79EFBC}") = "LogiMatch.Domain.Tests", "LogiMatch.Domain.Tests\LogiMatch.Domain.Tests.csproj", "{166E63A7-B440-4A81-865A-978151A19EBD}"
EndProject
Project("{FAE04EC0-301F-11D3-BF4B-00C04F79EFBC}") = "LogiMatch.Application.Tests", "LogiMatch.Application.Tests\LogiMatch.Application.Tests.csproj", "{899A43D8-EA38-4F99-9496-FD237A57DBC1}"
EndProject
Global
	GlobalSection(SolutionConfigurationPlatforms) = preSolution
		Debug|Any CPU = Debug|Any CPU
		Release|Any CPU = Release|Any CPU
	EndGlobalSection
	GlobalSection(ProjectConfigurationPlatforms) = postSolution
		{D7D41CE0-0495-4D2B-8972-1C130CD2A5AC}.Debug|Any CPU.ActiveCfg = Debug|Any CPU
		{D7D41CE0-0495-4D2B-8972-1C130CD2A5AC}.Debug|Any CPU.Build.0 = Debug|Any CPU
		{D7D41CE0-0495-4D2B-8972-1C130CD2A5AC}.Release|Any CPU.ActiveCfg = Release|Any CPU
		{D7D41CE0-0495-4D2B-8972-1C130CD2A5AC}.Release|Any CPU.Build.0 = Release|Any CPU
		{7004742F-8109-4E72-AE5B-3CB4D9FB6399}.Debug|Any CPU.ActiveCfg = Debug|Any CPU
		{7004742F-8109-4E72-AE5B-3CB4D9FB6399}.Debug|Any CPU.Build.0 = Debug|Any CPU
		{7004742F-8109-4E72-AE5B-3CB4D9FB6399}.Release|Any CPU.ActiveCfg = Release|Any CPU
		{7004742F-8109-4E72-AE5B-3CB4D9FB6399}.Release|Any CPU.Build.0 = Release|Any CPU
		{DBC8C593-FEE9-4B7C-8656-176C784B4C09}.Debug|Any CPU.ActiveCfg = Debug|Any CPU
		{DBC8C593-FEE9-4B7C-8656-176C784B4C09}.Debug|Any CPU.Build.0 = Debug|Any CPU
		{DBC8C593-FEE9-4B7C-8656-176C784B4C09}.Release|Any CPU.ActiveCfg = Release|Any CPU
		{DBC8C593-FEE9-4B7C-8656-176C784B4C09}.Release|Any CPU.Build.0 = Release|Any CPU
		{53C45808-7996-408F-BA3D-6ED75D3F25E5}.Debug|Any CPU.ActiveCfg = Debug|Any CPU
		{53C45808-7996-408F-BA3D-6ED75D3F25E5}.Debug|Any CPU.Build.0 = Debug|Any CPU
		{53C45808-7996-408F-BA3D-6ED75D3F25E5}.Release|Any CPU.ActiveCfg = Release|Any CPU
		{53C45808-7996-408F-BA3D-6ED75D3F25E5}.Release|Any CPU.Build.0 = Release|Any CPU
		{166E63A7-B440-4A81-865A-978151A19EBD}.Debug|Any CPU.ActiveCfg = Debug|Any CPU
		{166E63A7-B440-4A81-865A-978151A19EBD}.Debug|Any CPU.Build.0 = Debug|Any CPU
		{166E63A7-B440-4A81-865A-978151A19EBD}.Release|Any CPU.ActiveCfg = Release|Any CPU
		{166E63A7-B440-4A81-865A-978151A19EBD}.Release|Any CPU.Build.0 = Release|Any CPU
		{899A43D8-EA38-4F99-9496-FD237A57DBC1}.Debug|Any CPU.ActiveCfg = Debug|Any CPU
		{899A43D8-EA38-4F99-9496-FD237A57DBC1}.Debug|Any CPU.Build.0 = Debug|Any CPU
		{899A43D8-EA38-4F99-9496-FD237A57DBC1}.Release|Any CPU.ActiveCfg = Release|Any CPU
		{899A43D8-EA38-4F99-9496-FD237A57DBC1}.Release|Any CPU.Build.0 = Release|Any CPU
	EndGlobalSection
	GlobalSection(SolutionProperties) = preSolution
		HideSolutionNode = FALSE
	EndGlobalSection
	GlobalSection(NestedProjects) = preSolution
		{D7D41CE0-0495-4D2B-8972-1C130CD2A5AC} = {02EA681E-C7D8-13C7-8484-4AC65E1B71E8}
		{7004742F-8109-4E72-AE5B-3CB4D9FB6399} = {02EA681E-C7D8-13C7-8484-4AC65E1B71E8}
		{DBC8C593-FEE9-4B7C-8656-176C784B4C09} = {02EA681E-C7D8-13C7-8484-4AC65E1B71E8}
		{53C45808-7996-408F-BA3D-6ED75D3F25E5} = {02EA681E-C7D8-13C7-8484-4AC65E1B71E8}
		{166E63A7-B440-4A81-865A-978151A19EBD} = {F283A40F-BAA2-4742-A2F8-0F2061A0C3A6}
		{899A43D8-EA38-4F99-9496-FD237A57DBC1} = {F283A40F-BAA2-4742-A2F8-0F2061A0C3A6}
	EndGlobalSection
	GlobalSection(ExtensibilityGlobals) = postSolution
		SolutionGuid = {D21CBF4F-6428-44B4-B6D0-60A274A73E08}
	EndGlobalSection
EndGlobal
